{
  "name": "FixtheMBTA",
  "lockfileVersion": 2,
  "requires": true,
  "packages": {
    "": {
      "dependencies": {
        "prettier": "1.15.3",
        "servor": "^4.0.2"
      }
    },
    "node_modules/prettier": {
      "version": "1.15.3",
      "resolved": "https://registry.npmjs.org/prettier/-/prettier-1.15.3.tgz",
      "integrity": "sha512-gAU9AGAPMaKb3NNSUUuhhFAS7SCO4ALTN4nRIn6PJ075Qd28Yn2Ig2ahEJWdJwJmlEBTUfC7mMUSFy8MwsOCfg==",
      "bin": {
        "prettier": "bin-prettier.js"
      },
      "engines": {
        "node": ">=4"
      }
    },
    "node_modules/servor": {
      "version": "4.0.2",
      "resolved": "https://registry.npmjs.org/servor/-/servor-4.0.2.tgz",
      "integrity": "sha512-MlmQ5Ntv4jDYUN060x/KEmN7emvIqKMZ9OkM+nY8Bf2+KkyLmGsTqWLyAN2cZr5oESAcH00UanUyyrlS1LRjFw==",
      "bin": {
        "servor": "cli.js"
      }
    }
  },
  "dependencies": {
    "prettier": {
      "version": "1.15.3",
      "resolved": "https://registry.npmjs.org/prettier/-/prettier-1.15.3.tgz",
      "integrity": "sha512-gAU9AGAPMaKb3NNSUUuhhFAS7SCO4ALTN4nRIn6PJ075Qd28Yn2Ig2ahEJWdJwJmlEBTUfC7mMUSFy8MwsOCfg=="
    },
    "servor": {
      "version": "4.0.2",
      "resolved": "https://registry.npmjs.org/servor/-/servor-4.0.2.tgz",
      "integrity": "sha512-MlmQ5Ntv4jDYUN060x/KEmN7emvIqKMZ9OkM+nY8Bf2+KkyLmGsTqWLyAN2cZr5oESAcH00UanUyyrlS1LRjFw=="
    }
  }
}
